
Microsoft Visual Studio Solution File, Format Version 12.00
# Visual Studio Version 16
VisualStudioVersion = 16.0.31613.86
MinimumVisualStudioVersion = 10.0.40219.1
Project("{FAE04EC0-301F-11D3-BF4B-00C04F79EFBC}") = "ConsoleApp_Student_Details_bystructure", "ConsoleApp_Student_Details_bystructure\ConsoleApp_Student_Details_bystructure.csproj", "{B1777B66-2A6E-4889-9EA5-9F1B0FF1591D}"
EndProject
Global
	GlobalSection(SolutionConfigurationPlatforms) = preSolution
		Debug|Any CPU = Debug|Any CPU
		Release|Any CPU = Release|Any CPU
	EndGlobalSection
	GlobalSection(ProjectConfigurationPlatforms) = postSolution
		{B1777B66-2A6E-4889-9EA5-9F1B0FF1591D}.Debug|Any CPU.ActiveCfg = Debug|Any CPU
		{B1777B66-2A6E-4889-9EA5-9F1B0FF1591D}.Debug|Any CPU.Build.0 = Debug|Any CPU
		{B1777B66-2A6E-4889-9EA5-9F1B0FF1591D}.Release|Any CPU.ActiveCfg = Release|Any CPU
		{B1777B66-2A6E-4889-9EA5-9F1B0FF1591D}.Release|Any CPU.Build.0 = Release|Any CPU
	EndGlobalSection
	GlobalSection(SolutionProperties) = preSolution
		HideSolutionNode = FALSE
	EndGlobalSection
	GlobalSection(ExtensibilityGlobals) = postSolution
		SolutionGuid = {05AD93CD-7471-465C-AC7E-C53DB22ACC2F}
	EndGlobalSection
EndGlobal
